
Microsoft Visual Studio Solution File, Format Version 12.00
# Visual Studio 15
VisualStudioVersion = 15.0.27703.2047
MinimumVisualStudioVersion = 10.0.40219.1
Project("{FAE04EC0-301F-11D3-BF4B-00C04F79EFBC}") = "Horoscopy.API", "Horoscopy.API\Horoscopy.API.csproj", "{4B32B51F-4C59-4A9A-BE32-F88896768AB1}"
EndProject
Project("{9A19103F-16F7-4668-BE54-9A1E7A4F7556}") = "Horoscopy.Lookup", "Horoscopy.Lookup\Horoscopy.Lookup.csproj", "{87733930-A36F-4599-A2F1-56C0BE9C15C0}"
EndProject
Global
	GlobalSection(SolutionConfigurationPlatforms) = preSolution
		Debug|Any CPU = Debug|Any CPU
		Release|Any CPU = Release|Any CPU
	EndGlobalSection
	GlobalSection(ProjectConfigurationPlatforms) = postSolution
		{4B32B51F-4C59-4A9A-BE32-F88896768AB1}.Debug|Any CPU.ActiveCfg = Debug|Any CPU
		{4B32B51F-4C59-4A9A-BE32-F88896768AB1}.Debug|Any CPU.Build.0 = Debug|Any CPU
		{4B32B51F-4C59-4A9A-BE32-F88896768AB1}.Release|Any CPU.ActiveCfg = Release|Any CPU
		{4B32B51F-4C59-4A9A-BE32-F88896768AB1}.Release|Any CPU.Build.0 = Release|Any CPU
		{87733930-A36F-4599-A2F1-56C0BE9C15C0}.Debug|Any CPU.ActiveCfg = Debug|Any CPU
		{87733930-A36F-4599-A2F1-56C0BE9C15C0}.Debug|Any CPU.Build.0 = Debug|Any CPU
		{87733930-A36F-4599-A2F1-56C0BE9C15C0}.Release|Any CPU.ActiveCfg = Release|Any CPU
		{87733930-A36F-4599-A2F1-56C0BE9C15C0}.Release|Any CPU.Build.0 = Release|Any CPU
	EndGlobalSection
	GlobalSection(SolutionProperties) = preSolution
		HideSolutionNode = FALSE
	EndGlobalSection
	GlobalSection(ExtensibilityGlobals) = postSolution
		SolutionGuid = {D0142E53-E0E3-4F29-82D6-F335ECFBA367}
	EndGlobalSection
EndGlobal
